
Microsoft Visual Studio Solution File, Format Version 12.00
# Visual Studio Version 17
VisualStudioVersion = 17.5.33530.505
MinimumVisualStudioVersion = 10.0.40219.1
Project("{FAE04EC0-301F-11D3-BF4B-00C04F79EFBC}") = "ToolsReviewApp", "ToolsReviewApp\ToolsReviewApp.csproj", "{7369605A-0C4A-476E-AECB-711E79160E8C}"
EndProject
Global
	GlobalSection(SolutionConfigurationPlatforms) = preSolution
		Debug|Any CPU = Debug|Any CPU
		Release|Any CPU = Release|Any CPU
	EndGlobalSection
	GlobalSection(ProjectConfigurationPlatforms) = postSolution
		{7369605A-0C4A-476E-AECB-711E79160E8C}.Debug|Any CPU.ActiveCfg = Debug|Any CPU
		{7369605A-0C4A-476E-AECB-711E79160E8C}.Debug|Any CPU.Build.0 = Debug|Any CPU
		{7369605A-0C4A-476E-AECB-711E79160E8C}.Release|Any CPU.ActiveCfg = Release|Any CPU
		{7369605A-0C4A-476E-AECB-711E79160E8C}.Release|Any CPU.Build.0 = Release|Any CPU
	EndGlobalSection
	GlobalSection(SolutionProperties) = preSolution
		HideSolutionNode = FALSE
	EndGlobalSection
	GlobalSection(ExtensibilityGlobals) = postSolution
		SolutionGuid = {4E0B504A-2F58-44CE-AA44-57E269FCCE96}
	EndGlobalSection
EndGlobal
